{
  "name": "ccompiler",
  "lockfileVersion": 3,
  "requires": true,
  "packages": {
    "": {
      "dependencies": {
        "friscjs": "^0.0.1"
      }
    },
    "node_modules/friscjs": {
      "version": "0.0.1",
      "resolved": "https://registry.npmjs.org/friscjs/-/friscjs-0.0.1.tgz",
      "integrity": "sha512-ZpsKZTLMUR9DIJwCydLUPXRiYK69JhzM+SuxUAw+bnQN0KRcorIBZTR+1fvDDDkdJfJbKoaQVBucp3PMQPUNwQ==",
      "engines": {
        "node": ">=0.6.10"
      }
    }
  }
}
